
Microsoft Visual Studio Solution File, Format Version 12.00
# Visual Studio Version 16
VisualStudioVersion = 16.0.29102.190
MinimumVisualStudioVersion = 10.0.40219.1
Project("{FAE04EC0-301F-11D3-BF4B-00C04F79EFBC}") = "AjacTester", "AjacTester\AjacTester.csproj", "{75515B26-C7D6-4278-891C-2B0FB590B4E0}"
EndProject
Global
	GlobalSection(SolutionConfigurationPlatforms) = preSolution
		Debug|Any CPU = Debug|Any CPU
		Release|Any CPU = Release|Any CPU
	EndGlobalSection
	GlobalSection(ProjectConfigurationPlatforms) = postSolution
		{75515B26-C7D6-4278-891C-2B0FB590B4E0}.Debug|Any CPU.ActiveCfg = Debug|Any CPU
		{75515B26-C7D6-4278-891C-2B0FB590B4E0}.Debug|Any CPU.Build.0 = Debug|Any CPU
		{75515B26-C7D6-4278-891C-2B0FB590B4E0}.Release|Any CPU.ActiveCfg = Release|Any CPU
		{75515B26-C7D6-4278-891C-2B0FB590B4E0}.Release|Any CPU.Build.0 = Release|Any CPU
	EndGlobalSection
	GlobalSection(SolutionProperties) = preSolution
		HideSolutionNode = FALSE
	EndGlobalSection
	GlobalSection(ExtensibilityGlobals) = postSolution
		SolutionGuid = {3A852F7A-3CE2-48AC-AA90-BA20352513F0}
	EndGlobalSection
EndGlobal
